<?xml version="1.0" encoding="utf-8"?>
<Project ToolsVersion="4.0" xmlns="http://schemas.microsoft.com/developer/msbuild/2003">
  <ItemGroup>
    <Filter Include="Source Files">
      <UniqueIdentifier>{4FC737F1-C7A5-4376-A066-2A32D752A2FF}</UniqueIdentifier>
      <Extensions>cpp;c;cc;cxx;c++;cppm;ixx;def;odl;idl;hpj;bat;asm;asmx</Extensions>
    </Filter>
    <Filter Include="Header Files">
      <UniqueIdentifier>{93995380-89BD-4b04-88EB-625FBE52EBFB}</UniqueIdentifier>
      <Extensions>h;hh;hpp;hxx;h++;hm;inl;inc;ipp;xsd</Extensions>
    </Filter>
    <Filter Include="Resource Files">
      <UniqueIdentifier>{67DA6AB6-F800-4c08-8B7A-83BB121AAD01}</UniqueIdentifier>
      <Extensions>rc;ico;cur;bmp;dlg;rc2;rct;bin;rgs;gif;jpg;jpeg;jpe;resx;tiff;tif;png;wav;mfcribbon-ms</Extensions>
    </Filter>
    <Filter Include="libz-1.2.11">
      <UniqueIdentifier>{184872b5-7014-4a8a-ab19-6258dc4e81e9}</UniqueIdentifier>
    </Filter>
    <Filter Include="util">
      <UniqueIdentifier>{3bdef322-0acc-4d61-be83-580443ccc53e}</UniqueIdentifier>
    </Filter>
  </ItemGroup>
  <ItemGroup>
    <ClCompile Include="main.cpp">
      <Filter>Source Files</Filter>
    </ClCompile>
    <ClCompile Include="libz-1.2.11\adler32.cpp">
      <Filter>libz-1.2.11</Filter>
    </ClCompile>
    <ClCompile Include="libz-1.2.11\compress.cpp">
      <Filter>libz-1.2.11</Filter>
    </ClCompile>
    <ClCompile Include="libz-1.2.11\deflate.cpp">
      <Filter>libz-1.2.11</Filter>
    </ClCompile>
    <ClCompile Include="libz-1.2.11\infback.cpp">
      <Filter>libz-1.2.11</Filter>
    </ClCompile>
    <ClCompile Include="libz-1.2.11\inffast.cpp">
      <Filter>libz-1.2.11</Filter>
    </ClCompile>
    <ClCompile Include="libz-1.2.11\inflate.cpp">
      <Filter>libz-1.2.11</Filter>
    </ClCompile>
    <ClCompile Include="libz-1.2.11\inftrees.cpp">
      <Filter>libz-1.2.11</Filter>
    </ClCompile>
    <ClCompile Include="libz-1.2.11\trees.cpp">
      <Filter>libz-1.2.11</Filter>
    </ClCompile>
    <ClCompile Include="libz-1.2.11\uncompr.cpp">
      <Filter>libz-1.2.11</Filter>
    </ClCompile>
    <ClCompile Include="libz-1.2.11\zutil.cpp">
      <Filter>libz-1.2.11</Filter>
    </ClCompile>
    <ClCompile Include="util\XStream.cpp">
      <Filter>util</Filter>
    </ClCompile>
  </ItemGroup>
  <ItemGroup>
    <ClInclude Include="libz-1.2.11\_private.h">
      <Filter>libz-1.2.11</Filter>
    </ClInclude>
    <ClInclude Include="libz-1.2.11\deflate.h">
      <Filter>libz-1.2.11</Filter>
    </ClInclude>
    <ClInclude Include="libz-1.2.11\gzguts.h">
      <Filter>libz-1.2.11</Filter>
    </ClInclude>
    <ClInclude Include="libz-1.2.11\inffast.h">
      <Filter>libz-1.2.11</Filter>
    </ClInclude>
    <ClInclude Include="libz-1.2.11\inffixed.h">
      <Filter>libz-1.2.11</Filter>
    </ClInclude>
    <ClInclude Include="libz-1.2.11\inflate.h">
      <Filter>libz-1.2.11</Filter>
    </ClInclude>
    <ClInclude Include="libz-1.2.11\inftrees.h">
      <Filter>libz-1.2.11</Filter>
    </ClInclude>
    <ClInclude Include="libz-1.2.11\trees.h">
      <Filter>libz-1.2.11</Filter>
    </ClInclude>
    <ClInclude Include="libz-1.2.11\zconf.h">
      <Filter>libz-1.2.11</Filter>
    </ClInclude>
    <ClInclude Include="libz-1.2.11\zlib.h">
      <Filter>libz-1.2.11</Filter>
    </ClInclude>
    <ClInclude Include="libz-1.2.11\zutil.h">
      <Filter>libz-1.2.11</Filter>
    </ClInclude>
    <ClInclude Include="stdafx.h">
      <Filter>Source Files</Filter>
    </ClInclude>
    <ClInclude Include="util\XStream.h">
      <Filter>util</Filter>
    </ClInclude>
  </ItemGroup>
</Project>