
Microsoft Visual Studio Solution File, Format Version 10.00
# Visual Studio 2008
Project("{8BC9CEB8-8B4A-11D0-8D11-00A0C91BC942}") = "XMultiLangTest", "XMultiLangTest.vcproj", "{B96BDD52-34EF-45E1-9FF0-68F25AF366F2}"
EndProject
Global
	GlobalSection(SolutionConfigurationPlatforms) = preSolution
		Debug|Win32 = Debug|Win32
		Release|Win32 = Release|Win32
	EndGlobalSection
	GlobalSection(ProjectConfigurationPlatforms) = postSolution
		{B96BDD52-34EF-45E1-9FF0-68F25AF366F2}.Debug|Win32.ActiveCfg = Debug|Win32
		{B96BDD52-34EF-45E1-9FF0-68F25AF366F2}.Debug|Win32.Build.0 = Debug|Win32
		{B96BDD52-34EF-45E1-9FF0-68F25AF366F2}.Release|Win32.ActiveCfg = Release|Win32
		{B96BDD52-34EF-45E1-9FF0-68F25AF366F2}.Release|Win32.Build.0 = Release|Win32
	EndGlobalSection
	GlobalSection(SolutionProperties) = preSolution
		HideSolutionNode = FALSE
	EndGlobalSection
EndGlobal
